
Microsoft Visual Studio Solution File, Format Version 12.00
# Visual Studio Version 17
VisualStudioVersion = 17.14.36327.8 d17.14
MinimumVisualStudioVersion = 10.0.40219.1
Project("{FAE04EC0-301F-11D3-BF4B-00C04F79EFBC}") = "DisasterPredictionApi.Api", "DisasterPredictionApi.Api\DisasterPredictionApi.Api.csproj", "{02C0BB83-E73E-49AE-9192-AA656D04EF1A}"
EndProject
Project("{FAE04EC0-301F-11D3-BF4B-00C04F79EFBC}") = "DisasterPredictionApi.Domain", "DisasterPredictionApi.Domain\DisasterPredictionApi.Domain.csproj", "{4F4FF7A9-37C5-48DA-ACA9-57A8841D68FC}"
EndProject
Project("{FAE04EC0-301F-11D3-BF4B-00C04F79EFBC}") = "DisasterPredictionApi.Application", "DisasterPredictionApi.Application\DisasterPredictionApi.Application.csproj", "{00E8A787-5564-4DE6-9375-23B0B5D2582E}"
EndProject
Project("{FAE04EC0-301F-11D3-BF4B-00C04F79EFBC}") = "DisasterPredictionApi.Infrastructure", "DisasterPredictionApi.Infrastructure\DisasterPredictionApi.Infrastructure.csproj", "{FD63B4FF-D314-416A-AAFD-518396FF39B1}"
EndProject
Global
	GlobalSection(SolutionConfigurationPlatforms) = preSolution
		Debug|Any CPU = Debug|Any CPU
		Release|Any CPU = Release|Any CPU
	EndGlobalSection
	GlobalSection(ProjectConfigurationPlatforms) = postSolution
		{02C0BB83-E73E-49AE-9192-AA656D04EF1A}.Debug|Any CPU.ActiveCfg = Debug|Any CPU
		{02C0BB83-E73E-49AE-9192-AA656D04EF1A}.Debug|Any CPU.Build.0 = Debug|Any CPU
		{02C0BB83-E73E-49AE-9192-AA656D04EF1A}.Release|Any CPU.ActiveCfg = Release|Any CPU
		{02C0BB83-E73E-49AE-9192-AA656D04EF1A}.Release|Any CPU.Build.0 = Release|Any CPU
		{4F4FF7A9-37C5-48DA-ACA9-57A8841D68FC}.Debug|Any CPU.ActiveCfg = Debug|Any CPU
		{4F4FF7A9-37C5-48DA-ACA9-57A8841D68FC}.Debug|Any CPU.Build.0 = Debug|Any CPU
		{4F4FF7A9-37C5-48DA-ACA9-57A8841D68FC}.Release|Any CPU.ActiveCfg = Release|Any CPU
		{4F4FF7A9-37C5-48DA-ACA9-57A8841D68FC}.Release|Any CPU.Build.0 = Release|Any CPU
		{00E8A787-5564-4DE6-9375-23B0B5D2582E}.Debug|Any CPU.ActiveCfg = Debug|Any CPU
		{00E8A787-5564-4DE6-9375-23B0B5D2582E}.Debug|Any CPU.Build.0 = Debug|Any CPU
		{00E8A787-5564-4DE6-9375-23B0B5D2582E}.Release|Any CPU.ActiveCfg = Release|Any CPU
		{00E8A787-5564-4DE6-9375-23B0B5D2582E}.Release|Any CPU.Build.0 = Release|Any CPU
		{FD63B4FF-D314-416A-AAFD-518396FF39B1}.Debug|Any CPU.ActiveCfg = Debug|Any CPU
		{FD63B4FF-D314-416A-AAFD-518396FF39B1}.Debug|Any CPU.Build.0 = Debug|Any CPU
		{FD63B4FF-D314-416A-AAFD-518396FF39B1}.Release|Any CPU.ActiveCfg = Release|Any CPU
		{FD63B4FF-D314-416A-AAFD-518396FF39B1}.Release|Any CPU.Build.0 = Release|Any CPU
	EndGlobalSection
	GlobalSection(SolutionProperties) = preSolution
		HideSolutionNode = FALSE
	EndGlobalSection
	GlobalSection(ExtensibilityGlobals) = postSolution
		SolutionGuid = {FCA8808A-34D6-45CE-A344-49E64C7D3E61}
	EndGlobalSection
EndGlobal
